
Microsoft Visual Studio Solution File, Format Version 12.00
# Visual Studio Version 17
VisualStudioVersion = 17.11.35327.3
MinimumVisualStudioVersion = 10.0.40219.1
Project("{FAE04EC0-301F-11D3-BF4B-00C04F79EFBC}") = "CreationalDesignPatterns", "CreationalDesignPatterns\CreationalDesignPatterns.csproj", "{F6E8697D-3AD2-4F39-8053-B5C1342C5788}"
EndProject
Global
	GlobalSection(SolutionConfigurationPlatforms) = preSolution
		Debug|Any CPU = Debug|Any CPU
		Release|Any CPU = Release|Any CPU
	EndGlobalSection
	GlobalSection(ProjectConfigurationPlatforms) = postSolution
		{F6E8697D-3AD2-4F39-8053-B5C1342C5788}.Debug|Any CPU.ActiveCfg = Debug|Any CPU
		{F6E8697D-3AD2-4F39-8053-B5C1342C5788}.Debug|Any CPU.Build.0 = Debug|Any CPU
		{F6E8697D-3AD2-4F39-8053-B5C1342C5788}.Release|Any CPU.ActiveCfg = Release|Any CPU
		{F6E8697D-3AD2-4F39-8053-B5C1342C5788}.Release|Any CPU.Build.0 = Release|Any CPU
	EndGlobalSection
	GlobalSection(SolutionProperties) = preSolution
		HideSolutionNode = FALSE
	EndGlobalSection
	GlobalSection(ExtensibilityGlobals) = postSolution
		SolutionGuid = {B6297CA3-B0F6-4462-9D83-6D216D9EC6E1}
	EndGlobalSection
EndGlobal
